
Microsoft Visual Studio Solution File, Format Version 12.00
# Visual Studio Version 17
VisualStudioVersion = 17.14.36202.13 d17.14
MinimumVisualStudioVersion = 10.0.40219.1
Project("{FAE04EC0-301F-11D3-BF4B-00C04F79EFBC}") = "LunchApp.Server", "Server\LunchApp.Server.csproj", "{4B922B00-E3F3-462A-8357-9510EF0663E9}"
EndProject
Project("{FAE04EC0-301F-11D3-BF4B-00C04F79EFBC}") = "LunchApp.Client", "Client\LunchApp.Client.csproj", "{EBB726B0-2782-494D-A424-A782FC762723}"
EndProject
Project("{FAE04EC0-301F-11D3-BF4B-00C04F79EFBC}") = "LunchApp.Shared", "Shared\LunchApp.Shared.csproj", "{1D7004C7-846A-461B-86B2-9198BB2B9F60}"
EndProject
Global
	GlobalSection(SolutionConfigurationPlatforms) = preSolution
		Debug|Any CPU = Debug|Any CPU
		Release|Any CPU = Release|Any CPU
	EndGlobalSection
	GlobalSection(ProjectConfigurationPlatforms) = postSolution
		{4B922B00-E3F3-462A-8357-9510EF0663E9}.Debug|Any CPU.ActiveCfg = Debug|Any CPU
		{4B922B00-E3F3-462A-8357-9510EF0663E9}.Debug|Any CPU.Build.0 = Debug|Any CPU
		{4B922B00-E3F3-462A-8357-9510EF0663E9}.Release|Any CPU.ActiveCfg = Release|Any CPU
		{4B922B00-E3F3-462A-8357-9510EF0663E9}.Release|Any CPU.Build.0 = Release|Any CPU
		{EBB726B0-2782-494D-A424-A782FC762723}.Debug|Any CPU.ActiveCfg = Debug|Any CPU
		{EBB726B0-2782-494D-A424-A782FC762723}.Debug|Any CPU.Build.0 = Debug|Any CPU
		{EBB726B0-2782-494D-A424-A782FC762723}.Release|Any CPU.ActiveCfg = Release|Any CPU
		{EBB726B0-2782-494D-A424-A782FC762723}.Release|Any CPU.Build.0 = Release|Any CPU
		{1D7004C7-846A-461B-86B2-9198BB2B9F60}.Debug|Any CPU.ActiveCfg = Debug|Any CPU
		{1D7004C7-846A-461B-86B2-9198BB2B9F60}.Debug|Any CPU.Build.0 = Debug|Any CPU
		{1D7004C7-846A-461B-86B2-9198BB2B9F60}.Release|Any CPU.ActiveCfg = Release|Any CPU
		{1D7004C7-846A-461B-86B2-9198BB2B9F60}.Release|Any CPU.Build.0 = Release|Any CPU
	EndGlobalSection
	GlobalSection(SolutionProperties) = preSolution
		HideSolutionNode = FALSE
	EndGlobalSection
	GlobalSection(ExtensibilityGlobals) = postSolution
		SolutionGuid = {CAE48BFA-D859-4496-A9A8-2C6102170D5E}
	EndGlobalSection
EndGlobal
